
Microsoft Visual Studio Solution File, Format Version 12.00
Project("{FAE04EC0-301F-11D3-BF4B-00C04F79EFBC}") = "OrconsoleServerSide", "OrconsoleServerSide\OrconsoleServerSide.csproj", "{A93A0EC4-2643-4D6F-9062-2B02AA136F19}"
EndProject
Global
	GlobalSection(SolutionConfigurationPlatforms) = preSolution
		Debug|Any CPU = Debug|Any CPU
		Release|Any CPU = Release|Any CPU
	EndGlobalSection
	GlobalSection(ProjectConfigurationPlatforms) = postSolution
		{A93A0EC4-2643-4D6F-9062-2B02AA136F19}.Debug|Any CPU.ActiveCfg = Debug|Any CPU
		{A93A0EC4-2643-4D6F-9062-2B02AA136F19}.Debug|Any CPU.Build.0 = Debug|Any CPU
		{A93A0EC4-2643-4D6F-9062-2B02AA136F19}.Release|Any CPU.ActiveCfg = Release|Any CPU
		{A93A0EC4-2643-4D6F-9062-2B02AA136F19}.Release|Any CPU.Build.0 = Release|Any CPU
	EndGlobalSection
EndGlobal
